
Microsoft Visual Studio Solution File, Format Version 12.00
# Visual Studio 15
VisualStudioVersion = 15.0.28307.421
MinimumVisualStudioVersion = 10.0.40219.1
Project("{FAE04EC0-301F-11D3-BF4B-00C04F79EFBC}") = "dev-3", "dev-3\dev-3.csproj", "{CFF9AC75-91B2-49DE-A742-38DF0959D7F7}"
EndProject
Global
	GlobalSection(SolutionConfigurationPlatforms) = preSolution
		Debug|Any CPU = Debug|Any CPU
		Release|Any CPU = Release|Any CPU
	EndGlobalSection
	GlobalSection(ProjectConfigurationPlatforms) = postSolution
		{CFF9AC75-91B2-49DE-A742-38DF0959D7F7}.Debug|Any CPU.ActiveCfg = Debug|Any CPU
		{CFF9AC75-91B2-49DE-A742-38DF0959D7F7}.Debug|Any CPU.Build.0 = Debug|Any CPU
		{CFF9AC75-91B2-49DE-A742-38DF0959D7F7}.Release|Any CPU.ActiveCfg = Release|Any CPU
		{CFF9AC75-91B2-49DE-A742-38DF0959D7F7}.Release|Any CPU.Build.0 = Release|Any CPU
	EndGlobalSection
	GlobalSection(SolutionProperties) = preSolution
		HideSolutionNode = FALSE
	EndGlobalSection
	GlobalSection(ExtensibilityGlobals) = postSolution
		SolutionGuid = {9C456243-6F33-4042-9CA7-D01D3445542C}
	EndGlobalSection
EndGlobal
