
Microsoft Visual Studio Solution File, Format Version 12.00
# Visual Studio 15
VisualStudioVersion = 15.0.28307.421
MinimumVisualStudioVersion = 10.0.40219.1
Project("{FAE04EC0-301F-11D3-BF4B-00C04F79EFBC}") = "dev-4", "dev-4\dev-4.csproj", "{5DB0B52D-A513-4EEC-854E-EB7DBDC45D85}"
EndProject
Global
	GlobalSection(SolutionConfigurationPlatforms) = preSolution
		Debug|Any CPU = Debug|Any CPU
		Release|Any CPU = Release|Any CPU
	EndGlobalSection
	GlobalSection(ProjectConfigurationPlatforms) = postSolution
		{5DB0B52D-A513-4EEC-854E-EB7DBDC45D85}.Debug|Any CPU.ActiveCfg = Debug|Any CPU
		{5DB0B52D-A513-4EEC-854E-EB7DBDC45D85}.Debug|Any CPU.Build.0 = Debug|Any CPU
		{5DB0B52D-A513-4EEC-854E-EB7DBDC45D85}.Release|Any CPU.ActiveCfg = Release|Any CPU
		{5DB0B52D-A513-4EEC-854E-EB7DBDC45D85}.Release|Any CPU.Build.0 = Release|Any CPU
	EndGlobalSection
	GlobalSection(SolutionProperties) = preSolution
		HideSolutionNode = FALSE
	EndGlobalSection
	GlobalSection(ExtensibilityGlobals) = postSolution
		SolutionGuid = {CC04003B-6AB9-4BB2-A9F5-4A5659230416}
	EndGlobalSection
EndGlobal
